# This file is automatically @generated by Cargo.
# It is not intended for manual editing.
[[package]]
name = "byteorder"
version = "1.4.3"
source = "registry+https://github.com/rust-lang/crates.io-index"
checksum = "14c189c53d098945499cdfa7ecc63567cf3886b3332b312a5b4585d8d3a6a610"

[[package]]
name = "cfg-if"
version = "1.0.0"
source = "registry+https://github.com/rust-lang/crates.io-index"
checksum = "baf1de4339761588bc0619e3cbc0120ee582ebb74b53b4efbf79117bd2da40fd"

[[package]]
name = "diacritics"
version = "0.1.1"
source = "registry+https://github.com/rust-lang/crates.io-index"
checksum = "c4f99b2193cd68ca1a439d48ef670a67270760211f5fc85eb74bf6aa2b810b74"

[[package]]
name = "frust"
version = "0.1.0"
dependencies = [
 "diacritics",
 "metaflac",
 "unidecode",
]

[[package]]
name = "hex"
version = "0.4.3"
source = "registry+https://github.com/rust-lang/crates.io-index"
checksum = "7f24254aa9a54b5c858eaee2f5bccdb46aaf0e486a595ed5fd8f86ba55232a70"

[[package]]
name = "log"
version = "0.4.14"
source = "registry+https://github.com/rust-lang/crates.io-index"
checksum = "51b9bbe6c47d51fc3e1a9b945965946b4c44142ab8792c50835a980d362c2710"
dependencies = [
 "cfg-if",
]

[[package]]
name = "metaflac"
version = "0.2.4"
source = "registry+https://github.com/rust-lang/crates.io-index"
checksum = "4685bf0039a9d2919c2dbb281cba1c58d168dce58f519cbd70c468ce2c36a748"
dependencies = [
 "byteorder",
 "hex",
 "log",
]

[[package]]
name = "unidecode"
version = "0.3.0"
source = "registry+https://github.com/rust-lang/crates.io-index"
checksum = "402bb19d8e03f1d1a7450e2bd613980869438e0666331be3e073089124aa1adc"
